// !$*UTF8*$!
{
	archiveVersion = 1;
	classes = {
	};
	objectVersion = 51;
	objects = {

/* Begin PBXBuildFile section */
		8140BD4B247525D7005E552B /* UIColor+Hex.m in Sources */ = {isa = PBXBuildFile; fileRef = 8140BD4A247525D7005E552B /* UIColor+Hex.m */; };
		8148839A24810ABA00490AE3 /* NetworkManager.m in Sources */ = {isa = PBXBuildFile; fileRef = 8148839924810ABA00490AE3 /* NetworkManager.m */; };
		8148839D2481323500490AE3 /* HMFJSONResponseSerializerWithData.m in Sources */ = {isa = PBXBuildFile; fileRef = 8148839C2481323500490AE3 /* HMFJSONResponseSerializerWithData.m */; };
		814EF7512473E16E006B3276 /* InputTextField.m in Sources */ = {isa = PBXBuildFile; fileRef = 814EF7502473E16E006B3276 /* InputTextField.m */; };
		814EF75524740D0E006B3276 /* AuthExample.m in Sources */ = {isa = PBXBuildFile; fileRef = 814EF75424740D0E006B3276 /* AuthExample.m */; };
		814EF75824740EE1006B3276 /* PasswordTextField.m in Sources */ = {isa = PBXBuildFile; fileRef = 814EF75724740EE1006B3276 /* PasswordTextField.m */; };
		814EF75B24742DB2006B3276 /* ElseLoginView.m in Sources */ = {isa = PBXBuildFile; fileRef = 814EF75A24742DB2006B3276 /* ElseLoginView.m */; };
		814EF75E247431D1006B3276 /* RegisterView.m in Sources */ = {isa = PBXBuildFile; fileRef = 814EF75D247431D1006B3276 /* RegisterView.m */; };
		814EF76424751472006B3276 /* LoginHomeView.m in Sources */ = {isa = PBXBuildFile; fileRef = 814EF76324751472006B3276 /* LoginHomeView.m */; };
		81545657247F9020007CBBE2 /* ClickAnimationButton.m in Sources */ = {isa = PBXBuildFile; fileRef = 81545656247F9020007CBBE2 /* ClickAnimationButton.m */; };
		8154565B247FADF6007CBBE2 /* CaptchaView.m in Sources */ = {isa = PBXBuildFile; fileRef = 8154565A247FADF6007CBBE2 /* CaptchaView.m */; };
		8163354E2477FFA900A712D0 /* UserBindView.m in Sources */ = {isa = PBXBuildFile; fileRef = 8163354D2477FFA900A712D0 /* UserBindView.m */; };
		816335522478BFA500A712D0 /* UserBindCell.m in Sources */ = {isa = PBXBuildFile; fileRef = 816335512478BFA500A712D0 /* UserBindCell.m */; };
		8169D659246E46BA0034337A /* PhraseCell.m in Sources */ = {isa = PBXBuildFile; fileRef = 8169D658246E46BA0034337A /* PhraseCell.m */; };
		8169D65F246E70160034337A /* WordTypeCell.m in Sources */ = {isa = PBXBuildFile; fileRef = 8169D65E246E70160034337A /* WordTypeCell.m */; };
		8169D662246E854E0034337A /* NotesCell.m in Sources */ = {isa = PBXBuildFile; fileRef = 8169D661246E854E0034337A /* NotesCell.m */; };
		8169D68B246F92430034337A /* ViewModel.m in Sources */ = {isa = PBXBuildFile; fileRef = 8169D68A246F92420034337A /* ViewModel.m */; };
		8169D68D246FA42E0034337A /* simple-voc-data.json in Resources */ = {isa = PBXBuildFile; fileRef = 8169D68C246FA42E0034337A /* simple-voc-data.json */; };
		8169D690246FB8B50034337A /* SearchCell.m in Sources */ = {isa = PBXBuildFile; fileRef = 8169D68F246FB8B50034337A /* SearchCell.m */; };
		816ED177246D3C680066C07C /* AppDelegate.m in Sources */ = {isa = PBXBuildFile; fileRef = 816ED176246D3C680066C07C /* AppDelegate.m */; };
		816ED17A246D3C680066C07C /* SceneDelegate.m in Sources */ = {isa = PBXBuildFile; fileRef = 816ED179246D3C680066C07C /* SceneDelegate.m */; };
		816ED17D246D3C680066C07C /* SearchHome.m in Sources */ = {isa = PBXBuildFile; fileRef = 816ED17C246D3C680066C07C /* SearchHome.m */; };
		816ED180246D3C680066C07C /* Main.storyboard in Resources */ = {isa = PBXBuildFile; fileRef = 816ED17E246D3C680066C07C /* Main.storyboard */; };
		816ED182246D3C6B0066C07C /* Assets.xcassets in Resources */ = {isa = PBXBuildFile; fileRef = 816ED181246D3C6B0066C07C /* Assets.xcassets */; };
		816ED185246D3C6B0066C07C /* LaunchScreen.storyboard in Resources */ = {isa = PBXBuildFile; fileRef = 816ED183246D3C6B0066C07C /* LaunchScreen.storyboard */; };
		816ED188246D3C6B0066C07C /* main.m in Sources */ = {isa = PBXBuildFile; fileRef = 816ED187246D3C6B0066C07C /* main.m */; };
		816ED196246D46A00066C07C /* SearchDetail.m in Sources */ = {isa = PBXBuildFile; fileRef = 816ED195246D46A00066C07C /* SearchDetail.m */; };
		8179907C2478D07F0031120E /* RegisterCell.m in Sources */ = {isa = PBXBuildFile; fileRef = 8179907B2478D07F0031120E /* RegisterCell.m */; };
		8179907F247908380031120E /* BindAccoutView.m in Sources */ = {isa = PBXBuildFile; fileRef = 8179907E247908380031120E /* BindAccoutView.m */; };
		8186FBED247D49B50086AC19 /* SkipView.m in Sources */ = {isa = PBXBuildFile; fileRef = 8186FBEC247D49B50086AC19 /* SkipView.m */; };
		8186FBF0247D55AE0086AC19 /* ForgetPasswordView.m in Sources */ = {isa = PBXBuildFile; fileRef = 8186FBEF247D55AE0086AC19 /* ForgetPasswordView.m */; };
		8193AE3D247E38F600B927B3 /* AlertView.m in Sources */ = {isa = PBXBuildFile; fileRef = 8193AE3C247E38F600B927B3 /* AlertView.m */; };
		EBEFB898135A606139BA7851 /* Pods_FirstProject.framework in Frameworks */ = {isa = PBXBuildFile; fileRef = 81BEC4D746EAD87689029A53 /* Pods_FirstProject.framework */; };
/* End PBXBuildFile section */

/* Begin PBXFileReference section */
		01A83AD8DE003E18FF0D4115 /* Pods-FirstProject.release.xcconfig */ = {isa = PBXFileReference; includeInIndex = 1; lastKnownFileType = text.xcconfig; name = "Pods-FirstProject.release.xcconfig"; path = "Target Support Files/Pods-FirstProject/Pods-FirstProject.release.xcconfig"; sourceTree = "<group>"; };
		8140BD49247525D7005E552B /* UIColor+Hex.h */ = {isa = PBXFileReference; lastKnownFileType = sourcecode.c.h; path = "UIColor+Hex.h"; sourceTree = "<group>"; };
		8140BD4A247525D7005E552B /* UIColor+Hex.m */ = {isa = PBXFileReference; lastKnownFileType = sourcecode.c.objc; path = "UIColor+Hex.m"; sourceTree = "<group>"; };
		8148839824810ABA00490AE3 /* NetworkManager.h */ = {isa = PBXFileReference; lastKnownFileType = sourcecode.c.h; path = NetworkManager.h; sourceTree = "<group>"; };
		8148839924810ABA00490AE3 /* NetworkManager.m */ = {isa = PBXFileReference; lastKnownFileType = sourcecode.c.objc; path = NetworkManager.m; sourceTree = "<group>"; };
		8148839B2481323500490AE3 /* HMFJSONResponseSerializerWithData.h */ = {isa = PBXFileReference; lastKnownFileType = sourcecode.c.h; path = HMFJSONResponseSerializerWithData.h; sourceTree = "<group>"; };
		8148839C2481323500490AE3 /* HMFJSONResponseSerializerWithData.m */ = {isa = PBXFileReference; lastKnownFileType = sourcecode.c.objc; path = HMFJSONResponseSerializerWithData.m; sourceTree = "<group>"; };
		814EF74F2473E16E006B3276 /* InputTextField.h */ = {isa = PBXFileReference; lastKnownFileType = sourcecode.c.h; path = InputTextField.h; sourceTree = "<group>"; };
		814EF7502473E16E006B3276 /* InputTextField.m */ = {isa = PBXFileReference; lastKnownFileType = sourcecode.c.objc; path = InputTextField.m; sourceTree = "<group>"; };
		814EF75324740D0E006B3276 /* AuthExample.h */ = {isa = PBXFileReference; lastKnownFileType = sourcecode.c.h; path = AuthExample.h; sourceTree = "<group>"; };
		814EF75424740D0E006B3276 /* AuthExample.m */ = {isa = PBXFileReference; lastKnownFileType = sourcecode.c.objc; path = AuthExample.m; sourceTree = "<group>"; };
		814EF75624740EE1006B3276 /* PasswordTextField.h */ = {isa = PBXFileReference; lastKnownFileType = sourcecode.c.h; path = PasswordTextField.h; sourceTree = "<group>"; };
		814EF75724740EE1006B3276 /* PasswordTextField.m */ = {isa = PBXFileReference; lastKnownFileType = sourcecode.c.objc; path = PasswordTextField.m; sourceTree = "<group>"; };
		814EF75924742DB1006B3276 /* ElseLoginView.h */ = {isa = PBXFileReference; lastKnownFileType = sourcecode.c.h; path = ElseLoginView.h; sourceTree = "<group>"; };
		814EF75A24742DB2006B3276 /* ElseLoginView.m */ = {isa = PBXFileReference; lastKnownFileType = sourcecode.c.objc; path = ElseLoginView.m; sourceTree = "<group>"; };
		814EF75C247431D1006B3276 /* RegisterView.h */ = {isa = PBXFileReference; lastKnownFileType = sourcecode.c.h; path = RegisterView.h; sourceTree = "<group>"; };
		814EF75D247431D1006B3276 /* RegisterView.m */ = {isa = PBXFileReference; lastKnownFileType = sourcecode.c.objc; path = RegisterView.m; sourceTree = "<group>"; };
		814EF76224751472006B3276 /* LoginHomeView.h */ = {isa = PBXFileReference; lastKnownFileType = sourcecode.c.h; path = LoginHomeView.h; sourceTree = "<group>"; };
		814EF76324751472006B3276 /* LoginHomeView.m */ = {isa = PBXFileReference; lastKnownFileType = sourcecode.c.objc; path = LoginHomeView.m; sourceTree = "<group>"; };
		81545655247F9020007CBBE2 /* ClickAnimationButton.h */ = {isa = PBXFileReference; lastKnownFileType = sourcecode.c.h; path = ClickAnimationButton.h; sourceTree = "<group>"; };
		81545656247F9020007CBBE2 /* ClickAnimationButton.m */ = {isa = PBXFileReference; lastKnownFileType = sourcecode.c.objc; path = ClickAnimationButton.m; sourceTree = "<group>"; };
		81545659247FADF6007CBBE2 /* CaptchaView.h */ = {isa = PBXFileReference; lastKnownFileType = sourcecode.c.h; path = CaptchaView.h; sourceTree = "<group>"; };
		8154565A247FADF6007CBBE2 /* CaptchaView.m */ = {isa = PBXFileReference; lastKnownFileType = sourcecode.c.objc; path = CaptchaView.m; sourceTree = "<group>"; };
		8163354C2477FFA900A712D0 /* UserBindView.h */ = {isa = PBXFileReference; lastKnownFileType = sourcecode.c.h; path = UserBindView.h; sourceTree = "<group>"; };
		8163354D2477FFA900A712D0 /* UserBindView.m */ = {isa = PBXFileReference; lastKnownFileType = sourcecode.c.objc; path = UserBindView.m; sourceTree = "<group>"; };
		816335502478BFA500A712D0 /* UserBindCell.h */ = {isa = PBXFileReference; lastKnownFileType = sourcecode.c.h; path = UserBindCell.h; sourceTree = "<group>"; };
		816335512478BFA500A712D0 /* UserBindCell.m */ = {isa = PBXFileReference; lastKnownFileType = sourcecode.c.objc; path = UserBindCell.m; sourceTree = "<group>"; };
		8169D657246E46BA0034337A /* PhraseCell.h */ = {isa = PBXFileReference; lastKnownFileType = sourcecode.c.h; path = PhraseCell.h; sourceTree = "<group>"; };
		8169D658246E46BA0034337A /* PhraseCell.m */ = {isa = PBXFileReference; lastKnownFileType = sourcecode.c.objc; path = PhraseCell.m; sourceTree = "<group>"; };
		8169D65D246E70160034337A /* WordTypeCell.h */ = {isa = PBXFileReference; lastKnownFileType = sourcecode.c.h; path = WordTypeCell.h; sourceTree = "<group>"; };
		8169D65E246E70160034337A /* WordTypeCell.m */ = {isa = PBXFileReference; lastKnownFileType = sourcecode.c.objc; path = WordTypeCell.m; sourceTree = "<group>"; };
		8169D660246E854E0034337A /* NotesCell.h */ = {isa = PBXFileReference; lastKnownFileType = sourcecode.c.h; path = NotesCell.h; sourceTree = "<group>"; };
		8169D661246E854E0034337A /* NotesCell.m */ = {isa = PBXFileReference; lastKnownFileType = sourcecode.c.objc; path = NotesCell.m; sourceTree = "<group>"; };
		8169D689246F92420034337A /* ViewModel.h */ = {isa = PBXFileReference; lastKnownFileType = sourcecode.c.h; path = ViewModel.h; sourceTree = "<group>"; };
		8169D68A246F92420034337A /* ViewModel.m */ = {isa = PBXFileReference; lastKnownFileType = sourcecode.c.objc; path = ViewModel.m; sourceTree = "<group>"; };
		8169D68C246FA42E0034337A /* simple-voc-data.json */ = {isa = PBXFileReference; fileEncoding = 4; lastKnownFileType = text.json; name = "simple-voc-data.json"; path = "../../../../Downloads/simple-voc-data.json"; sourceTree = "<group>"; };
		8169D68E246FB8B50034337A /* SearchCell.h */ = {isa = PBXFileReference; lastKnownFileType = sourcecode.c.h; path = SearchCell.h; sourceTree = "<group>"; };
		8169D68F246FB8B50034337A /* SearchCell.m */ = {isa = PBXFileReference; lastKnownFileType = sourcecode.c.objc; path = SearchCell.m; sourceTree = "<group>"; };
		816ED172246D3C680066C07C /* FirstProject.app */ = {isa = PBXFileReference; explicitFileType = wrapper.application; includeInIndex = 0; path = FirstProject.app; sourceTree = BUILT_PRODUCTS_DIR; };
		816ED175246D3C680066C07C /* AppDelegate.h */ = {isa = PBXFileReference; lastKnownFileType = sourcecode.c.h; path = AppDelegate.h; sourceTree = "<group>"; };
		816ED176246D3C680066C07C /* AppDelegate.m */ = {isa = PBXFileReference; lastKnownFileType = sourcecode.c.objc; path = AppDelegate.m; sourceTree = "<group>"; };
		816ED178246D3C680066C07C /* SceneDelegate.h */ = {isa = PBXFileReference; lastKnownFileType = sourcecode.c.h; path = SceneDelegate.h; sourceTree = "<group>"; };
		816ED179246D3C680066C07C /* SceneDelegate.m */ = {isa = PBXFileReference; lastKnownFileType = sourcecode.c.objc; path = SceneDelegate.m; sourceTree = "<group>"; };
		816ED17B246D3C680066C07C /* SearchHome.h */ = {isa = PBXFileReference; lastKnownFileType = sourcecode.c.h; path = SearchHome.h; sourceTree = "<group>"; };
		816ED17C246D3C680066C07C /* SearchHome.m */ = {isa = PBXFileReference; lastKnownFileType = sourcecode.c.objc; path = SearchHome.m; sourceTree = "<group>"; };
		816ED17F246D3C680066C07C /* Base */ = {isa = PBXFileReference; lastKnownFileType = file.storyboard; name = Base; path = Base.lproj/Main.storyboard; sourceTree = "<group>"; };
		816ED181246D3C6B0066C07C /* Assets.xcassets */ = {isa = PBXFileReference; lastKnownFileType = folder.assetcatalog; path = Assets.xcassets; sourceTree = "<group>"; };
		816ED184246D3C6B0066C07C /* Base */ = {isa = PBXFileReference; lastKnownFileType = file.storyboard; name = Base; path = Base.lproj/LaunchScreen.storyboard; sourceTree = "<group>"; };
		816ED186246D3C6B0066C07C /* Info.plist */ = {isa = PBXFileReference; lastKnownFileType = text.plist.xml; path = Info.plist; sourceTree = "<group>"; };
		816ED187246D3C6B0066C07C /* main.m */ = {isa = PBXFileReference; lastKnownFileType = sourcecode.c.objc; path = main.m; sourceTree = "<group>"; };
		816ED194246D46A00066C07C /* SearchDetail.h */ = {isa = PBXFileReference; lastKnownFileType = sourcecode.c.h; path = SearchDetail.h; sourceTree = "<group>"; };
		816ED195246D46A00066C07C /* SearchDetail.m */ = {isa = PBXFileReference; lastKnownFileType = sourcecode.c.objc; path = SearchDetail.m; sourceTree = "<group>"; };
		8179907A2478D07F0031120E /* RegisterCell.h */ = {isa = PBXFileReference; lastKnownFileType = sourcecode.c.h; path = RegisterCell.h; sourceTree = "<group>"; };
		8179907B2478D07F0031120E /* RegisterCell.m */ = {isa = PBXFileReference; lastKnownFileType = sourcecode.c.objc; path = RegisterCell.m; sourceTree = "<group>"; };
		8179907D247908380031120E /* BindAccoutView.h */ = {isa = PBXFileReference; lastKnownFileType = sourcecode.c.h; path = BindAccoutView.h; sourceTree = "<group>"; };
		8179907E247908380031120E /* BindAccoutView.m */ = {isa = PBXFileReference; lastKnownFileType = sourcecode.c.objc; path = BindAccoutView.m; sourceTree = "<group>"; };
		8186FBEB247D49B50086AC19 /* SkipView.h */ = {isa = PBXFileReference; lastKnownFileType = sourcecode.c.h; path = SkipView.h; sourceTree = "<group>"; };
		8186FBEC247D49B50086AC19 /* SkipView.m */ = {isa = PBXFileReference; lastKnownFileType = sourcecode.c.objc; path = SkipView.m; sourceTree = "<group>"; };
		8186FBEE247D55AE0086AC19 /* ForgetPasswordView.h */ = {isa = PBXFileReference; lastKnownFileType = sourcecode.c.h; path = ForgetPasswordView.h; sourceTree = "<group>"; };
		8186FBEF247D55AE0086AC19 /* ForgetPasswordView.m */ = {isa = PBXFileReference; lastKnownFileType = sourcecode.c.objc; path = ForgetPasswordView.m; sourceTree = "<group>"; };
		8193AE3B247E38F600B927B3 /* AlertView.h */ = {isa = PBXFileReference; lastKnownFileType = sourcecode.c.h; path = AlertView.h; sourceTree = "<group>"; };
		8193AE3C247E38F600B927B3 /* AlertView.m */ = {isa = PBXFileReference; lastKnownFileType = sourcecode.c.objc; path = AlertView.m; sourceTree = "<group>"; };
		81BEC4D746EAD87689029A53 /* Pods_FirstProject.framework */ = {isa = PBXFileReference; explicitFileType = wrapper.framework; includeInIndex = 0; path = Pods_FirstProject.framework; sourceTree = BUILT_PRODUCTS_DIR; };
		BD5915CBE4D9219A4ACB18B7 /* Pods-FirstProject.debug.xcconfig */ = {isa = PBXFileReference; includeInIndex = 1; lastKnownFileType = text.xcconfig; name = "Pods-FirstProject.debug.xcconfig"; path = "Target Support Files/Pods-FirstProject/Pods-FirstProject.debug.xcconfig"; sourceTree = "<group>"; };
/* End PBXFileReference section */

/* Begin PBXFrameworksBuildPhase section */
		816ED16F246D3C680066C07C /* Frameworks */ = {
			isa = PBXFrameworksBuildPhase;
			buildActionMask = 2147483647;
			files = (
				EBEFB898135A606139BA7851 /* Pods_FirstProject.framework in Frameworks */,
			);
			runOnlyForDeploymentPostprocessing = 0;
		};
/* End PBXFrameworksBuildPhase section */

/* Begin PBXGroup section */
		596FEA33C49A4508380AE32D /* Frameworks */ = {
			isa = PBXGroup;
			children = (
				81BEC4D746EAD87689029A53 /* Pods_FirstProject.framework */,
			);
			name = Frameworks;
			sourceTree = "<group>";
		};
		8140BD48247525AB005E552B /* tool */ = {
			isa = PBXGroup;
			children = (
				8140BD49247525D7005E552B /* UIColor+Hex.h */,
				8140BD4A247525D7005E552B /* UIColor+Hex.m */,
			);
			path = tool;
			sourceTree = "<group>";
		};
		814EF73C2473CF24006B3276 /* Controller */ = {
			isa = PBXGroup;
			children = (
				814EF761247513CB006B3276 /* SearchController */,
				814EF75F2475131F006B3276 /* AuthController */,
			);
			path = Controller;
			sourceTree = "<group>";
		};
		814EF7482473DE48006B3276 /* CustomTextField */ = {
			isa = PBXGroup;
			children = (
				814EF74F2473E16E006B3276 /* InputTextField.h */,
				814EF7502473E16E006B3276 /* InputTextField.m */,
				814EF75624740EE1006B3276 /* PasswordTextField.h */,
				814EF75724740EE1006B3276 /* PasswordTextField.m */,
			);
			path = CustomTextField;
			sourceTree = "<group>";
		};
		814EF75F2475131F006B3276 /* AuthController */ = {
			isa = PBXGroup;
			children = (
				81545658247F9039007CBBE2 /* CustomButton */,
				8186FBE7247D49310086AC19 /* PopView */,
				8163354F2478BF7A00A712D0 /* Cell */,
				814EF7482473DE48006B3276 /* CustomTextField */,
				814EF76224751472006B3276 /* LoginHomeView.h */,
				814EF76324751472006B3276 /* LoginHomeView.m */,
				8163354C2477FFA900A712D0 /* UserBindView.h */,
				8163354D2477FFA900A712D0 /* UserBindView.m */,
				814EF75324740D0E006B3276 /* AuthExample.h */,
				814EF75424740D0E006B3276 /* AuthExample.m */,
				814EF75C247431D1006B3276 /* RegisterView.h */,
				814EF75D247431D1006B3276 /* RegisterView.m */,
				8179907D247908380031120E /* BindAccoutView.h */,
				8179907E247908380031120E /* BindAccoutView.m */,
				814EF75924742DB1006B3276 /* ElseLoginView.h */,
				814EF75A24742DB2006B3276 /* ElseLoginView.m */,
				8186FBEE247D55AE0086AC19 /* ForgetPasswordView.h */,
				8186FBEF247D55AE0086AC19 /* ForgetPasswordView.m */,
			);
			path = AuthController;
			sourceTree = "<group>";
		};
		814EF761247513CB006B3276 /* SearchController */ = {
			isa = PBXGroup;
			children = (
				8188F415246D9971006281AD /* Cell */,
				816ED17B246D3C680066C07C /* SearchHome.h */,
				816ED17C246D3C680066C07C /* SearchHome.m */,
				816ED194246D46A00066C07C /* SearchDetail.h */,
				816ED195246D46A00066C07C /* SearchDetail.m */,
			);
			path = SearchController;
			sourceTree = "<group>";
		};
		81545658247F9039007CBBE2 /* CustomButton */ = {
			isa = PBXGroup;
			children = (
				81545655247F9020007CBBE2 /* ClickAnimationButton.h */,
				81545656247F9020007CBBE2 /* ClickAnimationButton.m */,
			);
			path = CustomButton;
			sourceTree = "<group>";
		};
		8163354F2478BF7A00A712D0 /* Cell */ = {
			isa = PBXGroup;
			children = (
				816335502478BFA500A712D0 /* UserBindCell.h */,
				816335512478BFA500A712D0 /* UserBindCell.m */,
				8179907A2478D07F0031120E /* RegisterCell.h */,
				8179907B2478D07F0031120E /* RegisterCell.m */,
			);
			path = Cell;
			sourceTree = "<group>";
		};
		816ED169246D3C680066C07C = {
			isa = PBXGroup;
			children = (
				816ED174246D3C680066C07C /* FirstProject */,
				816ED173246D3C680066C07C /* Products */,
				CFFA8FFE0DBE9E51D2075B6B /* Pods */,
				596FEA33C49A4508380AE32D /* Frameworks */,
			);
			sourceTree = "<group>";
		};
		816ED173246D3C680066C07C /* Products */ = {
			isa = PBXGroup;
			children = (
				816ED172246D3C680066C07C /* FirstProject.app */,
			);
			name = Products;
			sourceTree = "<group>";
		};
		816ED174246D3C680066C07C /* FirstProject */ = {
			isa = PBXGroup;
			children = (
				8140BD48247525AB005E552B /* tool */,
				814EF73C2473CF24006B3276 /* Controller */,
				8188F414246D84A0006281AD /* ViewModel */,
				816ED175246D3C680066C07C /* AppDelegate.h */,
				816ED17E246D3C680066C07C /* Main.storyboard */,
				816ED176246D3C680066C07C /* AppDelegate.m */,
				816ED178246D3C680066C07C /* SceneDelegate.h */,
				816ED179246D3C680066C07C /* SceneDelegate.m */,
				816ED181246D3C6B0066C07C /* Assets.xcassets */,
				816ED183246D3C6B0066C07C /* LaunchScreen.storyboard */,
				816ED186246D3C6B0066C07C /* Info.plist */,
				816ED187246D3C6B0066C07C /* main.m */,
			);
			path = FirstProject;
			sourceTree = "<group>";
		};
		8186FBE7247D49310086AC19 /* PopView */ = {
			isa = PBXGroup;
			children = (
				8193AE3B247E38F600B927B3 /* AlertView.h */,
				8193AE3C247E38F600B927B3 /* AlertView.m */,
				8186FBEB247D49B50086AC19 /* SkipView.h */,
				8186FBEC247D49B50086AC19 /* SkipView.m */,
				81545659247FADF6007CBBE2 /* CaptchaView.h */,
				8154565A247FADF6007CBBE2 /* CaptchaView.m */,
			);
			path = PopView;
			sourceTree = "<group>";
		};
		8188F414246D84A0006281AD /* ViewModel */ = {
			isa = PBXGroup;
			children = (
				8169D68C246FA42E0034337A /* simple-voc-data.json */,
				8169D689246F92420034337A /* ViewModel.h */,
				8169D68A246F92420034337A /* ViewModel.m */,
				8148839824810ABA00490AE3 /* NetworkManager.h */,
				8148839924810ABA00490AE3 /* NetworkManager.m */,
				8148839B2481323500490AE3 /* HMFJSONResponseSerializerWithData.h */,
				8148839C2481323500490AE3 /* HMFJSONResponseSerializerWithData.m */,
			);
			path = ViewModel;
			sourceTree = "<group>";
		};
		8188F415246D9971006281AD /* Cell */ = {
			isa = PBXGroup;
			children = (
				8169D657246E46BA0034337A /* PhraseCell.h */,
				8169D658246E46BA0034337A /* PhraseCell.m */,
				8169D65D246E70160034337A /* WordTypeCell.h */,
				8169D65E246E70160034337A /* WordTypeCell.m */,
				8169D660246E854E0034337A /* NotesCell.h */,
				8169D661246E854E0034337A /* NotesCell.m */,
				8169D68E246FB8B50034337A /* SearchCell.h */,
				8169D68F246FB8B50034337A /* SearchCell.m */,
			);
			path = Cell;
			sourceTree = "<group>";
		};
		CFFA8FFE0DBE9E51D2075B6B /* Pods */ = {
			isa = PBXGroup;
			children = (
				BD5915CBE4D9219A4ACB18B7 /* Pods-FirstProject.debug.xcconfig */,
				01A83AD8DE003E18FF0D4115 /* Pods-FirstProject.release.xcconfig */,
			);
			path = Pods;
			sourceTree = "<group>";
		};
/* End PBXGroup section */

/* Begin PBXNativeTarget section */
		816ED171246D3C680066C07C /* FirstProject */ = {
			isa = PBXNativeTarget;
			buildConfigurationList = 816ED18B246D3C6B0066C07C /* Build configuration list for PBXNativeTarget "FirstProject" */;
			buildPhases = (
				B7D0AC70E14F5262E84CB451 /* [CP] Check Pods Manifest.lock */,
				816ED16E246D3C680066C07C /* Sources */,
				816ED16F246D3C680066C07C /* Frameworks */,
				816ED170246D3C680066C07C /* Resources */,
				E2903F3022186534D26DC1BD /* [CP] Embed Pods Frameworks */,
			);
			buildRules = (
			);
			dependencies = (
			);
			name = FirstProject;
			productName = FirstProject;
			productReference = 816ED172246D3C680066C07C /* FirstProject.app */;
			productType = "com.apple.product-type.application";
		};
/* End PBXNativeTarget section */

/* Begin PBXProject section */
		816ED16A246D3C680066C07C /* Project object */ = {
			isa = PBXProject;
			attributes = {
				LastUpgradeCheck = 1140;
				ORGANIZATIONNAME = maimemo;
				TargetAttributes = {
					816ED171246D3C680066C07C = {
						CreatedOnToolsVersion = 11.4.1;
					};
				};
			};
			buildConfigurationList = 816ED16D246D3C680066C07C /* Build configuration list for PBXProject "FirstProject" */;
			compatibilityVersion = "Xcode 9.3";
			developmentRegion = en;
			hasScannedForEncodings = 0;
			knownRegions = (
				en,
				Base,
			);
			mainGroup = 816ED169246D3C680066C07C;
			productRefGroup = 816ED173246D3C680066C07C /* Products */;
			projectDirPath = "";
			projectRoot = "";
			targets = (
				816ED171246D3C680066C07C /* FirstProject */,
			);
		};
/* End PBXProject section */

/* Begin PBXResourcesBuildPhase section */
		816ED170246D3C680066C07C /* Resources */ = {
			isa = PBXResourcesBuildPhase;
			buildActionMask = 2147483647;
			files = (
				816ED185246D3C6B0066C07C /* LaunchScreen.storyboard in Resources */,
				8169D68D246FA42E0034337A /* simple-voc-data.json in Resources */,
				816ED182246D3C6B0066C07C /* Assets.xcassets in Resources */,
				816ED180246D3C680066C07C /* Main.storyboard in Resources */,
			);
			runOnlyForDeploymentPostprocessing = 0;
		};
/* End PBXResourcesBuildPhase section */

/* Begin PBXShellScriptBuildPhase section */
		B7D0AC70E14F5262E84CB451 /* [CP] Check Pods Manifest.lock */ = {
			isa = PBXShellScriptBuildPhase;
			buildActionMask = 2147483647;
			files = (
			);
			inputFileListPaths = (
			);
			inputPaths = (
				"${PODS_PODFILE_DIR_PATH}/Podfile.lock",
				"${PODS_ROOT}/Manifest.lock",
			);
			name = "[CP] Check Pods Manifest.lock";
			outputFileListPaths = (
			);
			outputPaths = (
				"$(DERIVED_FILE_DIR)/Pods-FirstProject-checkManifestLockResult.txt",
			);
			runOnlyForDeploymentPostprocessing = 0;
			shellPath = /bin/sh;
			shellScript = "diff \"${PODS_PODFILE_DIR_PATH}/Podfile.lock\" \"${PODS_ROOT}/Manifest.lock\" > /dev/null\nif [ $? != 0 ] ; then\n    # print error to STDERR\n    echo \"error: The sandbox is not in sync with the Podfile.lock. Run 'pod install' or update your CocoaPods installation.\" >&2\n    exit 1\nfi\n# This output is used by Xcode 'outputs' to avoid re-running this script phase.\necho \"SUCCESS\" > \"${SCRIPT_OUTPUT_FILE_0}\"\n";
			showEnvVarsInLog = 0;
		};
		E2903F3022186534D26DC1BD /* [CP] Embed Pods Frameworks */ = {
			isa = PBXShellScriptBuildPhase;
			buildActionMask = 2147483647;
			files = (
			);
			inputFileListPaths = (
				"${PODS_ROOT}/Target Support Files/Pods-FirstProject/Pods-FirstProject-frameworks-${CONFIGURATION}-input-files.xcfilelist",
			);
			name = "[CP] Embed Pods Frameworks";
			outputFileListPaths = (
				"${PODS_ROOT}/Target Support Files/Pods-FirstProject/Pods-FirstProject-frameworks-${CONFIGURATION}-output-files.xcfilelist",
			);
			runOnlyForDeploymentPostprocessing = 0;
			shellPath = /bin/sh;
			shellScript = "\"${PODS_ROOT}/Target Support Files/Pods-FirstProject/Pods-FirstProject-frameworks.sh\"\n";
			showEnvVarsInLog = 0;
		};
/* End PBXShellScriptBuildPhase section */

/* Begin PBXSourcesBuildPhase section */
		816ED16E246D3C680066C07C /* Sources */ = {
			isa = PBXSourcesBuildPhase;
			buildActionMask = 2147483647;
			files = (
				816ED17D246D3C680066C07C /* SearchHome.m in Sources */,
				8140BD4B247525D7005E552B /* UIColor+Hex.m in Sources */,
				816ED177246D3C680066C07C /* AppDelegate.m in Sources */,
				8186FBED247D49B50086AC19 /* SkipView.m in Sources */,
				8169D662246E854E0034337A /* NotesCell.m in Sources */,
				8163354E2477FFA900A712D0 /* UserBindView.m in Sources */,
				8169D659246E46BA0034337A /* PhraseCell.m in Sources */,
				8148839A24810ABA00490AE3 /* NetworkManager.m in Sources */,
				814EF75B24742DB2006B3276 /* ElseLoginView.m in Sources */,
				814EF76424751472006B3276 /* LoginHomeView.m in Sources */,
				8193AE3D247E38F600B927B3 /* AlertView.m in Sources */,
				81545657247F9020007CBBE2 /* ClickAnimationButton.m in Sources */,
				816ED188246D3C6B0066C07C /* main.m in Sources */,
				816ED17A246D3C680066C07C /* SceneDelegate.m in Sources */,
				8169D68B246F92430034337A /* ViewModel.m in Sources */,
				8186FBF0247D55AE0086AC19 /* ForgetPasswordView.m in Sources */,
				8169D690246FB8B50034337A /* SearchCell.m in Sources */,
				814EF75524740D0E006B3276 /* AuthExample.m in Sources */,
				8148839D2481323500490AE3 /* HMFJSONResponseSerializerWithData.m in Sources */,
				8154565B247FADF6007CBBE2 /* CaptchaView.m in Sources */,
				814EF75E247431D1006B3276 /* RegisterView.m in Sources */,
				816ED196246D46A00066C07C /* SearchDetail.m in Sources */,
				8179907F247908380031120E /* BindAccoutView.m in Sources */,
				814EF75824740EE1006B3276 /* PasswordTextField.m in Sources */,
				8169D65F246E70160034337A /* WordTypeCell.m in Sources */,
				8179907C2478D07F0031120E /* RegisterCell.m in Sources */,
				816335522478BFA500A712D0 /* UserBindCell.m in Sources */,
				814EF7512473E16E006B3276 /* InputTextField.m in Sources */,
			);
			runOnlyForDeploymentPostprocessing = 0;
		};
/* End PBXSourcesBuildPhase section */

/* Begin PBXVariantGroup section */
		816ED17E246D3C680066C07C /* Main.storyboard */ = {
			isa = PBXVariantGroup;
			children = (
				816ED17F246D3C680066C07C /* Base */,
			);
			name = Main.storyboard;
			sourceTree = "<group>";
		};
		816ED183246D3C6B0066C07C /* LaunchScreen.storyboard */ = {
			isa = PBXVariantGroup;
			children = (
				816ED184246D3C6B0066C07C /* Base */,
			);
			name = LaunchScreen.storyboard;
			sourceTree = "<group>";
		};
/* End PBXVariantGroup section */

/* Begin XCBuildConfiguration section */
		816ED189246D3C6B0066C07C /* Debug */ = {
			isa = XCBuildConfiguration;
			buildSettings = {
				ALWAYS_SEARCH_USER_PATHS = NO;
				CLANG_ANALYZER_NONNULL = YES;
				CLANG_ANALYZER_NUMBER_OBJECT_CONVERSION = YES_AGGRESSIVE;
				CLANG_CXX_LANGUAGE_STANDARD = "gnu++14";
				CLANG_CXX_LIBRARY = "libc++";
				CLANG_ENABLE_MODULES = YES;
				CLANG_ENABLE_OBJC_ARC = YES;
				CLANG_ENABLE_OBJC_WEAK = YES;
				CLANG_WARN_BLOCK_CAPTURE_AUTORELEASING = YES;
				CLANG_WARN_BOOL_CONVERSION = YES;
				CLANG_WARN_COMMA = YES;
				CLANG_WARN_CONSTANT_CONVERSION = YES;
				CLANG_WARN_DEPRECATED_OBJC_IMPLEMENTATIONS = YES;
				CLANG_WARN_DIRECT_OBJC_ISA_USAGE = YES_ERROR;
				CLANG_WARN_DOCUMENTATION_COMMENTS = YES;
				CLANG_WARN_EMPTY_BODY = YES;
				CLANG_WARN_ENUM_CONVERSION = YES;
				CLANG_WARN_INFINITE_RECURSION = YES;
				CLANG_WARN_INT_CONVERSION = YES;
				CLANG_WARN_NON_LITERAL_NULL_CONVERSION = YES;
				CLANG_WARN_OBJC_IMPLICIT_RETAIN_SELF = YES;
				CLANG_WARN_OBJC_LITERAL_CONVERSION = YES;
				CLANG_WARN_OBJC_ROOT_CLASS = YES_ERROR;
				CLANG_WARN_RANGE_LOOP_ANALYSIS = YES;
				CLANG_WARN_STRICT_PROTOTYPES = YES;
				CLANG_WARN_SUSPICIOUS_MOVE = YES;
				CLANG_WARN_UNGUARDED_AVAILABILITY = YES_AGGRESSIVE;
				CLANG_WARN_UNREACHABLE_CODE = YES;
				CLANG_WARN__DUPLICATE_METHOD_MATCH = YES;
				COPY_PHASE_STRIP = NO;
				DEBUG_INFORMATION_FORMAT = dwarf;
				ENABLE_STRICT_OBJC_MSGSEND = YES;
				ENABLE_TESTABILITY = YES;
				GCC_C_LANGUAGE_STANDARD = gnu11;
				GCC_DYNAMIC_NO_PIC = NO;
				GCC_NO_COMMON_BLOCKS = YES;
				GCC_OPTIMIZATION_LEVEL = 0;
				GCC_PREPROCESSOR_DEFINITIONS = (
					"DEBUG=1",
					"$(inherited)",
				);
				GCC_WARN_64_TO_32_BIT_CONVERSION = YES;
				GCC_WARN_ABOUT_RETURN_TYPE = YES_ERROR;
				GCC_WARN_UNDECLARED_SELECTOR = YES;
				GCC_WARN_UNINITIALIZED_AUTOS = YES_AGGRESSIVE;
				GCC_WARN_UNUSED_FUNCTION = YES;
				GCC_WARN_UNUSED_VARIABLE = YES;
				IPHONEOS_DEPLOYMENT_TARGET = 8.0;
				MTL_ENABLE_DEBUG_INFO = INCLUDE_SOURCE;
				MTL_FAST_MATH = YES;
				ONLY_ACTIVE_ARCH = YES;
				SDKROOT = iphoneos;
			};
			name = Debug;
		};
		816ED18A246D3C6B0066C07C /* Release */ = {
			isa = XCBuildConfiguration;
			buildSettings = {
				ALWAYS_SEARCH_USER_PATHS = NO;
				CLANG_ANALYZER_NONNULL = YES;
				CLANG_ANALYZER_NUMBER_OBJECT_CONVERSION = YES_AGGRESSIVE;
				CLANG_CXX_LANGUAGE_STANDARD = "gnu++14";
				CLANG_CXX_LIBRARY = "libc++";
				CLANG_ENABLE_MODULES = YES;
				CLANG_ENABLE_OBJC_ARC = YES;
				CLANG_ENABLE_OBJC_WEAK = YES;
				CLANG_WARN_BLOCK_CAPTURE_AUTORELEASING = YES;
				CLANG_WARN_BOOL_CONVERSION = YES;
				CLANG_WARN_COMMA = YES;
				CLANG_WARN_CONSTANT_CONVERSION = YES;
				CLANG_WARN_DEPRECATED_OBJC_IMPLEMENTATIONS = YES;
				CLANG_WARN_DIRECT_OBJC_ISA_USAGE = YES_ERROR;
				CLANG_WARN_DOCUMENTATION_COMMENTS = YES;
				CLANG_WARN_EMPTY_BODY = YES;
				CLANG_WARN_ENUM_CONVERSION = YES;
				CLANG_WARN_INFINITE_RECURSION = YES;
				CLANG_WARN_INT_CONVERSION = YES;
				CLANG_WARN_NON_LITERAL_NULL_CONVERSION = YES;
				CLANG_WARN_OBJC_IMPLICIT_RETAIN_SELF = YES;
				CLANG_WARN_OBJC_LITERAL_CONVERSION = YES;
				CLANG_WARN_OBJC_ROOT_CLASS = YES_ERROR;
				CLANG_WARN_RANGE_LOOP_ANALYSIS = YES;
				CLANG_WARN_STRICT_PROTOTYPES = YES;
				CLANG_WARN_SUSPICIOUS_MOVE = YES;
				CLANG_WARN_UNGUARDED_AVAILABILITY = YES_AGGRESSIVE;
				CLANG_WARN_UNREACHABLE_CODE = YES;
				CLANG_WARN__DUPLICATE_METHOD_MATCH = YES;
				COPY_PHASE_STRIP = NO;
				DEBUG_INFORMATION_FORMAT = "dwarf-with-dsym";
				ENABLE_NS_ASSERTIONS = NO;
				ENABLE_STRICT_OBJC_MSGSEND = YES;
				GCC_C_LANGUAGE_STANDARD = gnu11;
				GCC_NO_COMMON_BLOCKS = YES;
				GCC_WARN_64_TO_32_BIT_CONVERSION = YES;
				GCC_WARN_ABOUT_RETURN_TYPE = YES_ERROR;
				GCC_WARN_UNDECLARED_SELECTOR = YES;
				GCC_WARN_UNINITIALIZED_AUTOS = YES_AGGRESSIVE;
				GCC_WARN_UNUSED_FUNCTION = YES;
				GCC_WARN_UNUSED_VARIABLE = YES;
				IPHONEOS_DEPLOYMENT_TARGET = 8.0;
				MTL_ENABLE_DEBUG_INFO = NO;
				MTL_FAST_MATH = YES;
				SDKROOT = iphoneos;
				VALIDATE_PRODUCT = YES;
			};
			name = Release;
		};
		816ED18C246D3C6B0066C07C /* Debug */ = {
			isa = XCBuildConfiguration;
			baseConfigurationReference = BD5915CBE4D9219A4ACB18B7 /* Pods-FirstProject.debug.xcconfig */;
			buildSettings = {
				ASSETCATALOG_COMPILER_APPICON_NAME = AppIcon;
				CODE_SIGN_STYLE = Automatic;
				INFOPLIST_FILE = FirstProject/Info.plist;
				IPHONEOS_DEPLOYMENT_TARGET = 13.0;
				LD_RUNPATH_SEARCH_PATHS = (
					"$(inherited)",
					"@executable_path/Frameworks",
				);
				PRODUCT_BUNDLE_IDENTIFIER = com.maimemo.FirstProject;
				PRODUCT_NAME = "$(TARGET_NAME)";
				TARGETED_DEVICE_FAMILY = "1,2";
			};
			name = Debug;
		};
		816ED18D246D3C6B0066C07C /* Release */ = {
			isa = XCBuildConfiguration;
			baseConfigurationReference = 01A83AD8DE003E18FF0D4115 /* Pods-FirstProject.release.xcconfig */;
			buildSettings = {
				ASSETCATALOG_COMPILER_APPICON_NAME = AppIcon;
				CODE_SIGN_STYLE = Automatic;
				INFOPLIST_FILE = FirstProject/Info.plist;
				IPHONEOS_DEPLOYMENT_TARGET = 13.0;
				LD_RUNPATH_SEARCH_PATHS = (
					"$(inherited)",
					"@executable_path/Frameworks",
				);
				PRODUCT_BUNDLE_IDENTIFIER = com.maimemo.FirstProject;
				PRODUCT_NAME = "$(TARGET_NAME)";
				TARGETED_DEVICE_FAMILY = "1,2";
			};
			name = Release;
		};
/* End XCBuildConfiguration section */

/* Begin XCConfigurationList section */
		816ED16D246D3C680066C07C /* Build configuration list for PBXProject "FirstProject" */ = {
			isa = XCConfigurationList;
			buildConfigurations = (
				816ED189246D3C6B0066C07C /* Debug */,
				816ED18A246D3C6B0066C07C /* Release */,
			);
			defaultConfigurationIsVisible = 0;
			defaultConfigurationName = Release;
		};
		816ED18B246D3C6B0066C07C /* Build configuration list for PBXNativeTarget "FirstProject" */ = {
			isa = XCConfigurationList;
			buildConfigurations = (
				816ED18C246D3C6B0066C07C /* Debug */,
				816ED18D246D3C6B0066C07C /* Release */,
			);
			defaultConfigurationIsVisible = 0;
			defaultConfigurationName = Release;
		};
/* End XCConfigurationList section */
	};
	rootObject = 816ED16A246D3C680066C07C /* Project object */;
}
